
Microsoft Visual Studio Solution File, Format Version 12.00
# Visual Studio Version 17
VisualStudioVersion = 17.11.35327.3
MinimumVisualStudioVersion = 10.0.40219.1
Project("{FAE04EC0-301F-11D3-BF4B-00C04F79EFBC}") = "Ux", "Ux.csproj", "{EFFB59F4-22A0-4064-99B6-DF5BCA7C6FC6}"
EndProject
Global
	GlobalSection(SolutionConfigurationPlatforms) = preSolution
		Debug|Any CPU = Debug|Any CPU
		Release|Any CPU = Release|Any CPU
	EndGlobalSection
	GlobalSection(ProjectConfigurationPlatforms) = postSolution
		{EFFB59F4-22A0-4064-99B6-DF5BCA7C6FC6}.Debug|Any CPU.ActiveCfg = Debug|Any CPU
		{EFFB59F4-22A0-4064-99B6-DF5BCA7C6FC6}.Debug|Any CPU.Build.0 = Debug|Any CPU
		{EFFB59F4-22A0-4064-99B6-DF5BCA7C6FC6}.Release|Any CPU.ActiveCfg = Release|Any CPU
		{EFFB59F4-22A0-4064-99B6-DF5BCA7C6FC6}.Release|Any CPU.Build.0 = Release|Any CPU
	EndGlobalSection
	GlobalSection(SolutionProperties) = preSolution
		HideSolutionNode = FALSE
	EndGlobalSection
	GlobalSection(ExtensibilityGlobals) = postSolution
		SolutionGuid = {234F3456-4EF8-4183-B08A-819182D4765E}
	EndGlobalSection
EndGlobal
